
Microsoft Visual Studio Solution File, Format Version 12.00
# Visual Studio Version 17
VisualStudioVersion = 17.5.33627.172
MinimumVisualStudioVersion = 10.0.40219.1
Project("{9A19103F-16F7-4668-BE54-9A1E7A4F7556}") = "MoviesAPI", "MoviesAPI.csproj", "{89CB436D-7DBF-4E83-BDCE-A03A0176EF64}"
EndProject
Project("{9A19103F-16F7-4668-BE54-9A1E7A4F7556}") = "MovieMobileApp", "..\MovieMobileApp\MovieMobileApp.csproj", "{EAC6C4D4-0947-4670-8274-EC8F27E5FD3D}"
EndProject
Global
	GlobalSection(SolutionConfigurationPlatforms) = preSolution
		Debug|Any CPU = Debug|Any CPU
		Release|Any CPU = Release|Any CPU
	EndGlobalSection
	GlobalSection(ProjectConfigurationPlatforms) = postSolution
		{89CB436D-7DBF-4E83-BDCE-A03A0176EF64}.Debug|Any CPU.ActiveCfg = Debug|Any CPU
		{89CB436D-7DBF-4E83-BDCE-A03A0176EF64}.Debug|Any CPU.Build.0 = Debug|Any CPU
		{89CB436D-7DBF-4E83-BDCE-A03A0176EF64}.Release|Any CPU.ActiveCfg = Release|Any CPU
		{89CB436D-7DBF-4E83-BDCE-A03A0176EF64}.Release|Any CPU.Build.0 = Release|Any CPU
		{EAC6C4D4-0947-4670-8274-EC8F27E5FD3D}.Debug|Any CPU.ActiveCfg = Debug|Any CPU
		{EAC6C4D4-0947-4670-8274-EC8F27E5FD3D}.Debug|Any CPU.Build.0 = Debug|Any CPU
		{EAC6C4D4-0947-4670-8274-EC8F27E5FD3D}.Debug|Any CPU.Deploy.0 = Debug|Any CPU
		{EAC6C4D4-0947-4670-8274-EC8F27E5FD3D}.Release|Any CPU.ActiveCfg = Release|Any CPU
		{EAC6C4D4-0947-4670-8274-EC8F27E5FD3D}.Release|Any CPU.Build.0 = Release|Any CPU
		{EAC6C4D4-0947-4670-8274-EC8F27E5FD3D}.Release|Any CPU.Deploy.0 = Release|Any CPU
	EndGlobalSection
	GlobalSection(SolutionProperties) = preSolution
		HideSolutionNode = FALSE
	EndGlobalSection
	GlobalSection(ExtensibilityGlobals) = postSolution
		SolutionGuid = {767C9284-E8AE-4118-935B-7C474687F10F}
	EndGlobalSection
EndGlobal
