
Microsoft Visual Studio Solution File, Format Version 12.00
# Visual Studio Version 17
VisualStudioVersion = 17.5.33627.172
MinimumVisualStudioVersion = 10.0.40219.1
Project("{FAE04EC0-301F-11D3-BF4B-00C04F79EFBC}") = "MoviesAPI", "MoviesAPI.csproj", "{89CB436D-7DBF-4E83-BDCE-A03A0176EF64}"
EndProject
Global
	GlobalSection(SolutionConfigurationPlatforms) = preSolution
		Debug|Any CPU = Debug|Any CPU
		Release|Any CPU = Release|Any CPU
	EndGlobalSection
	GlobalSection(ProjectConfigurationPlatforms) = postSolution
		{89CB436D-7DBF-4E83-BDCE-A03A0176EF64}.Debug|Any CPU.ActiveCfg = Debug|Any CPU
		{89CB436D-7DBF-4E83-BDCE-A03A0176EF64}.Debug|Any CPU.Build.0 = Debug|Any CPU
		{89CB436D-7DBF-4E83-BDCE-A03A0176EF64}.Release|Any CPU.ActiveCfg = Release|Any CPU
		{89CB436D-7DBF-4E83-BDCE-A03A0176EF64}.Release|Any CPU.Build.0 = Release|Any CPU
	EndGlobalSection
	GlobalSection(SolutionProperties) = preSolution
		HideSolutionNode = FALSE
	EndGlobalSection
	GlobalSection(ExtensibilityGlobals) = postSolution
		SolutionGuid = {767C9284-E8AE-4118-935B-7C474687F10F}
	EndGlobalSection
EndGlobal
